// !$*UTF8*$!
{
	archiveVersion = 1;
	classes = {
	};
	objectVersion = 56;
	objects = {

/* Begin PBXBuildFile section */
		08B79E282B59938A0033D4D0 /* AppDelegate.swift in Sources */ = {isa = PBXBuildFile; fileRef = 08B79E272B59938A0033D4D0 /* AppDelegate.swift */; };
		08B79E2A2B59938A0033D4D0 /* SceneDelegate.swift in Sources */ = {isa = PBXBuildFile; fileRef = 08B79E292B59938A0033D4D0 /* SceneDelegate.swift */; };
		08B79E2C2B59938A0033D4D0 /* ViewController.swift in Sources */ = {isa = PBXBuildFile; fileRef = 08B79E2B2B59938A0033D4D0 /* ViewController.swift */; };
		08B79E2F2B59938A0033D4D0 /* Main.storyboard in Resources */ = {isa = PBXBuildFile; fileRef = 08B79E2D2B59938A0033D4D0 /* Main.storyboard */; };
		08B79E312B59938B0033D4D0 /* Assets.xcassets in Resources */ = {isa = PBXBuildFile; fileRef = 08B79E302B59938B0033D4D0 /* Assets.xcassets */; };
		08B79E342B59938B0033D4D0 /* LaunchScreen.storyboard in Resources */ = {isa = PBXBuildFile; fileRef = 08B79E322B59938B0033D4D0 /* LaunchScreen.storyboard */; };
		08B79E3F2B59938B0033D4D0 /* BeRealCloneCodingTests.swift in Sources */ = {isa = PBXBuildFile; fileRef = 08B79E3E2B59938B0033D4D0 /* BeRealCloneCodingTests.swift */; };
		08B79E492B59938B0033D4D0 /* BeRealCloneCodingUITests.swift in Sources */ = {isa = PBXBuildFile; fileRef = 08B79E482B59938B0033D4D0 /* BeRealCloneCodingUITests.swift */; };
		08B79E4B2B59938B0033D4D0 /* BeRealCloneCodingUITestsLaunchTests.swift in Sources */ = {isa = PBXBuildFile; fileRef = 08B79E4A2B59938B0033D4D0 /* BeRealCloneCodingUITestsLaunchTests.swift */; };
		0C3F6C322454284495B0CD28 /* Pods_BeRealCloneCoding.framework in Frameworks */ = {isa = PBXBuildFile; fileRef = FAF2569D8544503FFCA500A1 /* Pods_BeRealCloneCoding.framework */; };
		3EFEF74B9E9FB56AA6B10BA8 /* Pods_BeRealCloneCoding_BeRealCloneCodingUITests.framework in Frameworks */ = {isa = PBXBuildFile; fileRef = 2109EC9CBA6B9180E26500CA /* Pods_BeRealCloneCoding_BeRealCloneCodingUITests.framework */; };
		ACB5A33272ED0B9E63C04D6E /* Pods_BeRealCloneCodingTests.framework in Frameworks */ = {isa = PBXBuildFile; fileRef = D31E609F4E329C8CE85CFA93 /* Pods_BeRealCloneCodingTests.framework */; };
/* End PBXBuildFile section */

/* Begin PBXContainerItemProxy section */
		08B79E3B2B59938B0033D4D0 /* PBXContainerItemProxy */ = {
			isa = PBXContainerItemProxy;
			containerPortal = 08B79E1C2B59938A0033D4D0 /* Project object */;
			proxyType = 1;
			remoteGlobalIDString = 08B79E232B59938A0033D4D0;
			remoteInfo = BeRealCloneCoding;
		};
		08B79E452B59938B0033D4D0 /* PBXContainerItemProxy */ = {
			isa = PBXContainerItemProxy;
			containerPortal = 08B79E1C2B59938A0033D4D0 /* Project object */;
			proxyType = 1;
			remoteGlobalIDString = 08B79E232B59938A0033D4D0;
			remoteInfo = BeRealCloneCoding;
		};
/* End PBXContainerItemProxy section */

/* Begin PBXFileReference section */
		08B79E242B59938A0033D4D0 /* BeRealCloneCoding.app */ = {isa = PBXFileReference; explicitFileType = wrapper.application; includeInIndex = 0; path = BeRealCloneCoding.app; sourceTree = BUILT_PRODUCTS_DIR; };
		08B79E272B59938A0033D4D0 /* AppDelegate.swift */ = {isa = PBXFileReference; lastKnownFileType = sourcecode.swift; path = AppDelegate.swift; sourceTree = "<group>"; };
		08B79E292B59938A0033D4D0 /* SceneDelegate.swift */ = {isa = PBXFileReference; lastKnownFileType = sourcecode.swift; path = SceneDelegate.swift; sourceTree = "<group>"; };
		08B79E2B2B59938A0033D4D0 /* ViewController.swift */ = {isa = PBXFileReference; lastKnownFileType = sourcecode.swift; path = ViewController.swift; sourceTree = "<group>"; };
		08B79E2E2B59938A0033D4D0 /* Base */ = {isa = PBXFileReference; lastKnownFileType = file.storyboard; name = Base; path = Base.lproj/Main.storyboard; sourceTree = "<group>"; };
		08B79E302B59938B0033D4D0 /* Assets.xcassets */ = {isa = PBXFileReference; lastKnownFileType = folder.assetcatalog; path = Assets.xcassets; sourceTree = "<group>"; };
		08B79E332B59938B0033D4D0 /* Base */ = {isa = PBXFileReference; lastKnownFileType = file.storyboard; name = Base; path = Base.lproj/LaunchScreen.storyboard; sourceTree = "<group>"; };
		08B79E352B59938B0033D4D0 /* Info.plist */ = {isa = PBXFileReference; lastKnownFileType = text.plist.xml; path = Info.plist; sourceTree = "<group>"; };
		08B79E3A2B59938B0033D4D0 /* BeRealCloneCodingTests.xctest */ = {isa = PBXFileReference; explicitFileType = wrapper.cfbundle; includeInIndex = 0; path = BeRealCloneCodingTests.xctest; sourceTree = BUILT_PRODUCTS_DIR; };
		08B79E3E2B59938B0033D4D0 /* BeRealCloneCodingTests.swift */ = {isa = PBXFileReference; lastKnownFileType = sourcecode.swift; path = BeRealCloneCodingTests.swift; sourceTree = "<group>"; };
		08B79E442B59938B0033D4D0 /* BeRealCloneCodingUITests.xctest */ = {isa = PBXFileReference; explicitFileType = wrapper.cfbundle; includeInIndex = 0; path = BeRealCloneCodingUITests.xctest; sourceTree = BUILT_PRODUCTS_DIR; };
		08B79E482B59938B0033D4D0 /* BeRealCloneCodingUITests.swift */ = {isa = PBXFileReference; lastKnownFileType = sourcecode.swift; path = BeRealCloneCodingUITests.swift; sourceTree = "<group>"; };
		08B79E4A2B59938B0033D4D0 /* BeRealCloneCodingUITestsLaunchTests.swift */ = {isa = PBXFileReference; lastKnownFileType = sourcecode.swift; path = BeRealCloneCodingUITestsLaunchTests.swift; sourceTree = "<group>"; };
		1A577A209EB4DF7826842A38 /* Pods-BeRealCloneCoding.debug.xcconfig */ = {isa = PBXFileReference; includeInIndex = 1; lastKnownFileType = text.xcconfig; name = "Pods-BeRealCloneCoding.debug.xcconfig"; path = "Target Support Files/Pods-BeRealCloneCoding/Pods-BeRealCloneCoding.debug.xcconfig"; sourceTree = "<group>"; };
		2109EC9CBA6B9180E26500CA /* Pods_BeRealCloneCoding_BeRealCloneCodingUITests.framework */ = {isa = PBXFileReference; explicitFileType = wrapper.framework; includeInIndex = 0; path = Pods_BeRealCloneCoding_BeRealCloneCodingUITests.framework; sourceTree = BUILT_PRODUCTS_DIR; };
		269E655CE193DE9DDBDFEDC7 /* Pods-BeRealCloneCoding-BeRealCloneCodingUITests.release.xcconfig */ = {isa = PBXFileReference; includeInIndex = 1; lastKnownFileType = text.xcconfig; name = "Pods-BeRealCloneCoding-BeRealCloneCodingUITests.release.xcconfig"; path = "Target Support Files/Pods-BeRealCloneCoding-BeRealCloneCodingUITests/Pods-BeRealCloneCoding-BeRealCloneCodingUITests.release.xcconfig"; sourceTree = "<group>"; };
		5850A8108E6E6FF48C538BE5 /* Pods-BeRealCloneCodingTests.debug.xcconfig */ = {isa = PBXFileReference; includeInIndex = 1; lastKnownFileType = text.xcconfig; name = "Pods-BeRealCloneCodingTests.debug.xcconfig"; path = "Target Support Files/Pods-BeRealCloneCodingTests/Pods-BeRealCloneCodingTests.debug.xcconfig"; sourceTree = "<group>"; };
		A3891FE356B22DDDEF620BB1 /* Pods-BeRealCloneCodingTests.release.xcconfig */ = {isa = PBXFileReference; includeInIndex = 1; lastKnownFileType = text.xcconfig; name = "Pods-BeRealCloneCodingTests.release.xcconfig"; path = "Target Support Files/Pods-BeRealCloneCodingTests/Pods-BeRealCloneCodingTests.release.xcconfig"; sourceTree = "<group>"; };
		B1C5DD8175FAC0F6D2B97F41 /* Pods-BeRealCloneCoding.release.xcconfig */ = {isa = PBXFileReference; includeInIndex = 1; lastKnownFileType = text.xcconfig; name = "Pods-BeRealCloneCoding.release.xcconfig"; path = "Target Support Files/Pods-BeRealCloneCoding/Pods-BeRealCloneCoding.release.xcconfig"; sourceTree = "<group>"; };
		D31E609F4E329C8CE85CFA93 /* Pods_BeRealCloneCodingTests.framework */ = {isa = PBXFileReference; explicitFileType = wrapper.framework; includeInIndex = 0; path = Pods_BeRealCloneCodingTests.framework; sourceTree = BUILT_PRODUCTS_DIR; };
		EAF8115896BD3A105F3FD56A /* Pods-BeRealCloneCoding-BeRealCloneCodingUITests.debug.xcconfig */ = {isa = PBXFileReference; includeInIndex = 1; lastKnownFileType = text.xcconfig; name = "Pods-BeRealCloneCoding-BeRealCloneCodingUITests.debug.xcconfig"; path = "Target Support Files/Pods-BeRealCloneCoding-BeRealCloneCodingUITests/Pods-BeRealCloneCoding-BeRealCloneCodingUITests.debug.xcconfig"; sourceTree = "<group>"; };
		FAF2569D8544503FFCA500A1 /* Pods_BeRealCloneCoding.framework */ = {isa = PBXFileReference; explicitFileType = wrapper.framework; includeInIndex = 0; path = Pods_BeRealCloneCoding.framework; sourceTree = BUILT_PRODUCTS_DIR; };
/* End PBXFileReference section */

/* Begin PBXFrameworksBuildPhase section */
		08B79E212B59938A0033D4D0 /* Frameworks */ = {
			isa = PBXFrameworksBuildPhase;
			buildActionMask = 2147483647;
			files = (
				0C3F6C322454284495B0CD28 /* Pods_BeRealCloneCoding.framework in Frameworks */,
			);
			runOnlyForDeploymentPostprocessing = 0;
		};
		08B79E372B59938B0033D4D0 /* Frameworks */ = {
			isa = PBXFrameworksBuildPhase;
			buildActionMask = 2147483647;
			files = (
				ACB5A33272ED0B9E63C04D6E /* Pods_BeRealCloneCodingTests.framework in Frameworks */,
			);
			runOnlyForDeploymentPostprocessing = 0;
		};
		08B79E412B59938B0033D4D0 /* Frameworks */ = {
			isa = PBXFrameworksBuildPhase;
			buildActionMask = 2147483647;
			files = (
				3EFEF74B9E9FB56AA6B10BA8 /* Pods_BeRealCloneCoding_BeRealCloneCodingUITests.framework in Frameworks */,
			);
			runOnlyForDeploymentPostprocessing = 0;
		};
/* End PBXFrameworksBuildPhase section */

/* Begin PBXGroup section */
		08B79E1B2B59938A0033D4D0 = {
			isa = PBXGroup;
			children = (
				08B79E262B59938A0033D4D0 /* BeRealCloneCoding */,
				08B79E3D2B59938B0033D4D0 /* BeRealCloneCodingTests */,
				08B79E472B59938B0033D4D0 /* BeRealCloneCodingUITests */,
				08B79E252B59938A0033D4D0 /* Products */,
				E5B518E57D50DF628EBBC6D9 /* Pods */,
				437C8BDEB385D675353D9135 /* Frameworks */,
			);
			sourceTree = "<group>";
		};
		08B79E252B59938A0033D4D0 /* Products */ = {
			isa = PBXGroup;
			children = (
				08B79E242B59938A0033D4D0 /* BeRealCloneCoding.app */,
				08B79E3A2B59938B0033D4D0 /* BeRealCloneCodingTests.xctest */,
				08B79E442B59938B0033D4D0 /* BeRealCloneCodingUITests.xctest */,
			);
			name = Products;
			sourceTree = "<group>";
		};
		08B79E262B59938A0033D4D0 /* BeRealCloneCoding */ = {
			isa = PBXGroup;
			children = (
				08B79E5A2B59942E0033D4D0 /* ViewController */,
				08B79E592B5994270033D4D0 /* ViewModel */,
				08B79E582B5994200033D4D0 /* Model */,
				08B79E572B5994180033D4D0 /* View */,
				08B79E272B59938A0033D4D0 /* AppDelegate.swift */,
				08B79E292B59938A0033D4D0 /* SceneDelegate.swift */,
				08B79E2D2B59938A0033D4D0 /* Main.storyboard */,
				08B79E302B59938B0033D4D0 /* Assets.xcassets */,
				08B79E322B59938B0033D4D0 /* LaunchScreen.storyboard */,
				08B79E352B59938B0033D4D0 /* Info.plist */,
			);
			path = BeRealCloneCoding;
			sourceTree = "<group>";
		};
		08B79E3D2B59938B0033D4D0 /* BeRealCloneCodingTests */ = {
			isa = PBXGroup;
			children = (
				08B79E3E2B59938B0033D4D0 /* BeRealCloneCodingTests.swift */,
			);
			path = BeRealCloneCodingTests;
			sourceTree = "<group>";
		};
		08B79E472B59938B0033D4D0 /* BeRealCloneCodingUITests */ = {
			isa = PBXGroup;
			children = (
				08B79E482B59938B0033D4D0 /* BeRealCloneCodingUITests.swift */,
				08B79E4A2B59938B0033D4D0 /* BeRealCloneCodingUITestsLaunchTests.swift */,
			);
			path = BeRealCloneCodingUITests;
			sourceTree = "<group>";
		};
		08B79E572B5994180033D4D0 /* View */ = {
			isa = PBXGroup;
			children = (
			);
			path = View;
			sourceTree = "<group>";
		};
		08B79E582B5994200033D4D0 /* Model */ = {
			isa = PBXGroup;
			children = (
			);
			path = Model;
			sourceTree = "<group>";
		};
		08B79E592B5994270033D4D0 /* ViewModel */ = {
			isa = PBXGroup;
			children = (
			);
			path = ViewModel;
			sourceTree = "<group>";
		};
		08B79E5A2B59942E0033D4D0 /* ViewController */ = {
			isa = PBXGroup;
			children = (
				08B79E2B2B59938A0033D4D0 /* ViewController.swift */,
			);
			path = ViewController;
			sourceTree = "<group>";
		};
		437C8BDEB385D675353D9135 /* Frameworks */ = {
			isa = PBXGroup;
			children = (
				FAF2569D8544503FFCA500A1 /* Pods_BeRealCloneCoding.framework */,
				2109EC9CBA6B9180E26500CA /* Pods_BeRealCloneCoding_BeRealCloneCodingUITests.framework */,
				D31E609F4E329C8CE85CFA93 /* Pods_BeRealCloneCodingTests.framework */,
			);
			name = Frameworks;
			sourceTree = "<group>";
		};
		E5B518E57D50DF628EBBC6D9 /* Pods */ = {
			isa = PBXGroup;
			children = (
				1A577A209EB4DF7826842A38 /* Pods-BeRealCloneCoding.debug.xcconfig */,
				B1C5DD8175FAC0F6D2B97F41 /* Pods-BeRealCloneCoding.release.xcconfig */,
				EAF8115896BD3A105F3FD56A /* Pods-BeRealCloneCoding-BeRealCloneCodingUITests.debug.xcconfig */,
				269E655CE193DE9DDBDFEDC7 /* Pods-BeRealCloneCoding-BeRealCloneCodingUITests.release.xcconfig */,
				5850A8108E6E6FF48C538BE5 /* Pods-BeRealCloneCodingTests.debug.xcconfig */,
				A3891FE356B22DDDEF620BB1 /* Pods-BeRealCloneCodingTests.release.xcconfig */,
			);
			path = Pods;
			sourceTree = "<group>";
		};
/* End PBXGroup section */

/* Begin PBXNativeTarget section */
		08B79E232B59938A0033D4D0 /* BeRealCloneCoding */ = {
			isa = PBXNativeTarget;
			buildConfigurationList = 08B79E4E2B59938B0033D4D0 /* Build configuration list for PBXNativeTarget "BeRealCloneCoding" */;
			buildPhases = (
				B23ADFF4B0BD583D0D05C7FB /* [CP] Check Pods Manifest.lock */,
				08B79E202B59938A0033D4D0 /* Sources */,
				08B79E212B59938A0033D4D0 /* Frameworks */,
				08B79E222B59938A0033D4D0 /* Resources */,
				C5DE8D2E862BEBA0CA75E67C /* [CP] Embed Pods Frameworks */,
			);
			buildRules = (
			);
			dependencies = (
			);
			name = BeRealCloneCoding;
			productName = BeRealCloneCoding;
			productReference = 08B79E242B59938A0033D4D0 /* BeRealCloneCoding.app */;
			productType = "com.apple.product-type.application";
		};
		08B79E392B59938B0033D4D0 /* BeRealCloneCodingTests */ = {
			isa = PBXNativeTarget;
			buildConfigurationList = 08B79E512B59938B0033D4D0 /* Build configuration list for PBXNativeTarget "BeRealCloneCodingTests" */;
			buildPhases = (
				C20B3990D19E4B58C2E2F622 /* [CP] Check Pods Manifest.lock */,
				08B79E362B59938B0033D4D0 /* Sources */,
				08B79E372B59938B0033D4D0 /* Frameworks */,
				08B79E382B59938B0033D4D0 /* Resources */,
			);
			buildRules = (
			);
			dependencies = (
				08B79E3C2B59938B0033D4D0 /* PBXTargetDependency */,
			);
			name = BeRealCloneCodingTests;
			productName = BeRealCloneCodingTests;
			productReference = 08B79E3A2B59938B0033D4D0 /* BeRealCloneCodingTests.xctest */;
			productType = "com.apple.product-type.bundle.unit-test";
		};
		08B79E432B59938B0033D4D0 /* BeRealCloneCodingUITests */ = {
			isa = PBXNativeTarget;
			buildConfigurationList = 08B79E542B59938B0033D4D0 /* Build configuration list for PBXNativeTarget "BeRealCloneCodingUITests" */;
			buildPhases = (
				8974ECD90EF17BB838616D75 /* [CP] Check Pods Manifest.lock */,
				08B79E402B59938B0033D4D0 /* Sources */,
				08B79E412B59938B0033D4D0 /* Frameworks */,
				08B79E422B59938B0033D4D0 /* Resources */,
				2BC62D5F654B9AFFD592CD23 /* [CP] Embed Pods Frameworks */,
			);
			buildRules = (
			);
			dependencies = (
				08B79E462B59938B0033D4D0 /* PBXTargetDependency */,
			);
			name = BeRealCloneCodingUITests;
			productName = BeRealCloneCodingUITests;
			productReference = 08B79E442B59938B0033D4D0 /* BeRealCloneCodingUITests.xctest */;
			productType = "com.apple.product-type.bundle.ui-testing";
		};
/* End PBXNativeTarget section */

/* Begin PBXProject section */
		08B79E1C2B59938A0033D4D0 /* Project object */ = {
			isa = PBXProject;
			attributes = {
				BuildIndependentTargetsInParallel = 1;
				LastSwiftUpdateCheck = 1520;
				LastUpgradeCheck = 1520;
				TargetAttributes = {
					08B79E232B59938A0033D4D0 = {
						CreatedOnToolsVersion = 15.2;
					};
					08B79E392B59938B0033D4D0 = {
						CreatedOnToolsVersion = 15.2;
						TestTargetID = 08B79E232B59938A0033D4D0;
					};
					08B79E432B59938B0033D4D0 = {
						CreatedOnToolsVersion = 15.2;
						TestTargetID = 08B79E232B59938A0033D4D0;
					};
				};
			};
			buildConfigurationList = 08B79E1F2B59938A0033D4D0 /* Build configuration list for PBXProject "BeRealCloneCoding" */;
			compatibilityVersion = "Xcode 14.0";
			developmentRegion = en;
			hasScannedForEncodings = 0;
			knownRegions = (
				en,
				Base,
			);
			mainGroup = 08B79E1B2B59938A0033D4D0;
			productRefGroup = 08B79E252B59938A0033D4D0 /* Products */;
			projectDirPath = "";
			projectRoot = "";
			targets = (
				08B79E232B59938A0033D4D0 /* BeRealCloneCoding */,
				08B79E392B59938B0033D4D0 /* BeRealCloneCodingTests */,
				08B79E432B59938B0033D4D0 /* BeRealCloneCodingUITests */,
			);
		};
/* End PBXProject section */

/* Begin PBXResourcesBuildPhase section */
		08B79E222B59938A0033D4D0 /* Resources */ = {
			isa = PBXResourcesBuildPhase;
			buildActionMask = 2147483647;
			files = (
				08B79E342B59938B0033D4D0 /* LaunchScreen.storyboard in Resources */,
				08B79E312B59938B0033D4D0 /* Assets.xcassets in Resources */,
				08B79E2F2B59938A0033D4D0 /* Main.storyboard in Resources */,
			);
			runOnlyForDeploymentPostprocessing = 0;
		};
		08B79E382B59938B0033D4D0 /* Resources */ = {
			isa = PBXResourcesBuildPhase;
			buildActionMask = 2147483647;
			files = (
			);
			runOnlyForDeploymentPostprocessing = 0;
		};
		08B79E422B59938B0033D4D0 /* Resources */ = {
			isa = PBXResourcesBuildPhase;
			buildActionMask = 2147483647;
			files = (
			);
			runOnlyForDeploymentPostprocessing = 0;
		};
/* End PBXResourcesBuildPhase section */

/* Begin PBXShellScriptBuildPhase section */
		2BC62D5F654B9AFFD592CD23 /* [CP] Embed Pods Frameworks */ = {
			isa = PBXShellScriptBuildPhase;
			buildActionMask = 2147483647;
			files = (
			);
			inputFileListPaths = (
				"${PODS_ROOT}/Target Support Files/Pods-BeRealCloneCoding-BeRealCloneCodingUITests/Pods-BeRealCloneCoding-BeRealCloneCodingUITests-frameworks-${CONFIGURATION}-input-files.xcfilelist",
			);
			name = "[CP] Embed Pods Frameworks";
			outputFileListPaths = (
				"${PODS_ROOT}/Target Support Files/Pods-BeRealCloneCoding-BeRealCloneCodingUITests/Pods-BeRealCloneCoding-BeRealCloneCodingUITests-frameworks-${CONFIGURATION}-output-files.xcfilelist",
			);
			runOnlyForDeploymentPostprocessing = 0;
			shellPath = /bin/sh;
			shellScript = "\"${PODS_ROOT}/Target Support Files/Pods-BeRealCloneCoding-BeRealCloneCodingUITests/Pods-BeRealCloneCoding-BeRealCloneCodingUITests-frameworks.sh\"\n";
			showEnvVarsInLog = 0;
		};
		8974ECD90EF17BB838616D75 /* [CP] Check Pods Manifest.lock */ = {
			isa = PBXShellScriptBuildPhase;
			buildActionMask = 2147483647;
			files = (
			);
			inputFileListPaths = (
			);
			inputPaths = (
				"${PODS_PODFILE_DIR_PATH}/Podfile.lock",
				"${PODS_ROOT}/Manifest.lock",
			);
			name = "[CP] Check Pods Manifest.lock";
			outputFileListPaths = (
			);
			outputPaths = (
				"$(DERIVED_FILE_DIR)/Pods-BeRealCloneCoding-BeRealCloneCodingUITests-checkManifestLockResult.txt",
			);
			runOnlyForDeploymentPostprocessing = 0;
			shellPath = /bin/sh;
			shellScript = "diff \"${PODS_PODFILE_DIR_PATH}/Podfile.lock\" \"${PODS_ROOT}/Manifest.lock\" > /dev/null\nif [ $? != 0 ] ; then\n    # print error to STDERR\n    echo \"error: The sandbox is not in sync with the Podfile.lock. Run 'pod install' or update your CocoaPods installation.\" >&2\n    exit 1\nfi\n# This output is used by Xcode 'outputs' to avoid re-running this script phase.\necho \"SUCCESS\" > \"${SCRIPT_OUTPUT_FILE_0}\"\n";
			showEnvVarsInLog = 0;
		};
		B23ADFF4B0BD583D0D05C7FB /* [CP] Check Pods Manifest.lock */ = {
			isa = PBXShellScriptBuildPhase;
			buildActionMask = 2147483647;
			files = (
			);
			inputFileListPaths = (
			);
			inputPaths = (
				"${PODS_PODFILE_DIR_PATH}/Podfile.lock",
				"${PODS_ROOT}/Manifest.lock",
			);
			name = "[CP] Check Pods Manifest.lock";
			outputFileListPaths = (
			);
			outputPaths = (
				"$(DERIVED_FILE_DIR)/Pods-BeRealCloneCoding-checkManifestLockResult.txt",
			);
			runOnlyForDeploymentPostprocessing = 0;
			shellPath = /bin/sh;
			shellScript = "diff \"${PODS_PODFILE_DIR_PATH}/Podfile.lock\" \"${PODS_ROOT}/Manifest.lock\" > /dev/null\nif [ $? != 0 ] ; then\n    # print error to STDERR\n    echo \"error: The sandbox is not in sync with the Podfile.lock. Run 'pod install' or update your CocoaPods installation.\" >&2\n    exit 1\nfi\n# This output is used by Xcode 'outputs' to avoid re-running this script phase.\necho \"SUCCESS\" > \"${SCRIPT_OUTPUT_FILE_0}\"\n";
			showEnvVarsInLog = 0;
		};
		C20B3990D19E4B58C2E2F622 /* [CP] Check Pods Manifest.lock */ = {
			isa = PBXShellScriptBuildPhase;
			buildActionMask = 2147483647;
			files = (
			);
			inputFileListPaths = (
			);
			inputPaths = (
				"${PODS_PODFILE_DIR_PATH}/Podfile.lock",
				"${PODS_ROOT}/Manifest.lock",
			);
			name = "[CP] Check Pods Manifest.lock";
			outputFileListPaths = (
			);
			outputPaths = (
				"$(DERIVED_FILE_DIR)/Pods-BeRealCloneCodingTests-checkManifestLockResult.txt",
			);
			runOnlyForDeploymentPostprocessing = 0;
			shellPath = /bin/sh;
			shellScript = "diff \"${PODS_PODFILE_DIR_PATH}/Podfile.lock\" \"${PODS_ROOT}/Manifest.lock\" > /dev/null\nif [ $? != 0 ] ; then\n    # print error to STDERR\n    echo \"error: The sandbox is not in sync with the Podfile.lock. Run 'pod install' or update your CocoaPods installation.\" >&2\n    exit 1\nfi\n# This output is used by Xcode 'outputs' to avoid re-running this script phase.\necho \"SUCCESS\" > \"${SCRIPT_OUTPUT_FILE_0}\"\n";
			showEnvVarsInLog = 0;
		};
		C5DE8D2E862BEBA0CA75E67C /* [CP] Embed Pods Frameworks */ = {
			isa = PBXShellScriptBuildPhase;
			buildActionMask = 2147483647;
			files = (
			);
			inputFileListPaths = (
				"${PODS_ROOT}/Target Support Files/Pods-BeRealCloneCoding/Pods-BeRealCloneCoding-frameworks-${CONFIGURATION}-input-files.xcfilelist",
			);
			name = "[CP] Embed Pods Frameworks";
			outputFileListPaths = (
				"${PODS_ROOT}/Target Support Files/Pods-BeRealCloneCoding/Pods-BeRealCloneCoding-frameworks-${CONFIGURATION}-output-files.xcfilelist",
			);
			runOnlyForDeploymentPostprocessing = 0;
			shellPath = /bin/sh;
			shellScript = "\"${PODS_ROOT}/Target Support Files/Pods-BeRealCloneCoding/Pods-BeRealCloneCoding-frameworks.sh\"\n";
			showEnvVarsInLog = 0;
		};
/* End PBXShellScriptBuildPhase section */

/* Begin PBXSourcesBuildPhase section */
		08B79E202B59938A0033D4D0 /* Sources */ = {
			isa = PBXSourcesBuildPhase;
			buildActionMask = 2147483647;
			files = (
				08B79E2C2B59938A0033D4D0 /* ViewController.swift in Sources */,
				08B79E282B59938A0033D4D0 /* AppDelegate.swift in Sources */,
				08B79E2A2B59938A0033D4D0 /* SceneDelegate.swift in Sources */,
			);
			runOnlyForDeploymentPostprocessing = 0;
		};
		08B79E362B59938B0033D4D0 /* Sources */ = {
			isa = PBXSourcesBuildPhase;
			buildActionMask = 2147483647;
			files = (
				08B79E3F2B59938B0033D4D0 /* BeRealCloneCodingTests.swift in Sources */,
			);
			runOnlyForDeploymentPostprocessing = 0;
		};
		08B79E402B59938B0033D4D0 /* Sources */ = {
			isa = PBXSourcesBuildPhase;
			buildActionMask = 2147483647;
			files = (
				08B79E492B59938B0033D4D0 /* BeRealCloneCodingUITests.swift in Sources */,
				08B79E4B2B59938B0033D4D0 /* BeRealCloneCodingUITestsLaunchTests.swift in Sources */,
			);
			runOnlyForDeploymentPostprocessing = 0;
		};
/* End PBXSourcesBuildPhase section */

/* Begin PBXTargetDependency section */
		08B79E3C2B59938B0033D4D0 /* PBXTargetDependency */ = {
			isa = PBXTargetDependency;
			target = 08B79E232B59938A0033D4D0 /* BeRealCloneCoding */;
			targetProxy = 08B79E3B2B59938B0033D4D0 /* PBXContainerItemProxy */;
		};
		08B79E462B59938B0033D4D0 /* PBXTargetDependency */ = {
			isa = PBXTargetDependency;
			target = 08B79E232B59938A0033D4D0 /* BeRealCloneCoding */;
			targetProxy = 08B79E452B59938B0033D4D0 /* PBXContainerItemProxy */;
		};
/* End PBXTargetDependency section */

/* Begin PBXVariantGroup section */
		08B79E2D2B59938A0033D4D0 /* Main.storyboard */ = {
			isa = PBXVariantGroup;
			children = (
				08B79E2E2B59938A0033D4D0 /* Base */,
			);
			name = Main.storyboard;
			sourceTree = "<group>";
		};
		08B79E322B59938B0033D4D0 /* LaunchScreen.storyboard */ = {
			isa = PBXVariantGroup;
			children = (
				08B79E332B59938B0033D4D0 /* Base */,
			);
			name = LaunchScreen.storyboard;
			sourceTree = "<group>";
		};
/* End PBXVariantGroup section */

/* Begin XCBuildConfiguration section */
		08B79E4C2B59938B0033D4D0 /* Debug */ = {
			isa = XCBuildConfiguration;
			buildSettings = {
				ALWAYS_SEARCH_USER_PATHS = NO;
				ASSETCATALOG_COMPILER_GENERATE_SWIFT_ASSET_SYMBOL_EXTENSIONS = YES;
				CLANG_ANALYZER_NONNULL = YES;
				CLANG_ANALYZER_NUMBER_OBJECT_CONVERSION = YES_AGGRESSIVE;
				CLANG_CXX_LANGUAGE_STANDARD = "gnu++20";
				CLANG_ENABLE_MODULES = YES;
				CLANG_ENABLE_OBJC_ARC = YES;
				CLANG_ENABLE_OBJC_WEAK = YES;
				CLANG_WARN_BLOCK_CAPTURE_AUTORELEASING = YES;
				CLANG_WARN_BOOL_CONVERSION = YES;
				CLANG_WARN_COMMA = YES;
				CLANG_WARN_CONSTANT_CONVERSION = YES;
				CLANG_WARN_DEPRECATED_OBJC_IMPLEMENTATIONS = YES;
				CLANG_WARN_DIRECT_OBJC_ISA_USAGE = YES_ERROR;
				CLANG_WARN_DOCUMENTATION_COMMENTS = YES;
				CLANG_WARN_EMPTY_BODY = YES;
				CLANG_WARN_ENUM_CONVERSION = YES;
				CLANG_WARN_INFINITE_RECURSION = YES;
				CLANG_WARN_INT_CONVERSION = YES;
				CLANG_WARN_NON_LITERAL_NULL_CONVERSION = YES;
				CLANG_WARN_OBJC_IMPLICIT_RETAIN_SELF = YES;
				CLANG_WARN_OBJC_LITERAL_CONVERSION = YES;
				CLANG_WARN_OBJC_ROOT_CLASS = YES_ERROR;
				CLANG_WARN_QUOTED_INCLUDE_IN_FRAMEWORK_HEADER = YES;
				CLANG_WARN_RANGE_LOOP_ANALYSIS = YES;
				CLANG_WARN_STRICT_PROTOTYPES = YES;
				CLANG_WARN_SUSPICIOUS_MOVE = YES;
				CLANG_WARN_UNGUARDED_AVAILABILITY = YES_AGGRESSIVE;
				CLANG_WARN_UNREACHABLE_CODE = YES;
				CLANG_WARN__DUPLICATE_METHOD_MATCH = YES;
				COPY_PHASE_STRIP = NO;
				DEBUG_INFORMATION_FORMAT = dwarf;
				ENABLE_STRICT_OBJC_MSGSEND = YES;
				ENABLE_TESTABILITY = YES;
				ENABLE_USER_SCRIPT_SANDBOXING = YES;
				GCC_C_LANGUAGE_STANDARD = gnu17;
				GCC_DYNAMIC_NO_PIC = NO;
				GCC_NO_COMMON_BLOCKS = YES;
				GCC_OPTIMIZATION_LEVEL = 0;
				GCC_PREPROCESSOR_DEFINITIONS = (
					"DEBUG=1",
					"$(inherited)",
				);
				GCC_WARN_64_TO_32_BIT_CONVERSION = YES;
				GCC_WARN_ABOUT_RETURN_TYPE = YES_ERROR;
				GCC_WARN_UNDECLARED_SELECTOR = YES;
				GCC_WARN_UNINITIALIZED_AUTOS = YES_AGGRESSIVE;
				GCC_WARN_UNUSED_FUNCTION = YES;
				GCC_WARN_UNUSED_VARIABLE = YES;
				IPHONEOS_DEPLOYMENT_TARGET = 17.2;
				LOCALIZATION_PREFERS_STRING_CATALOGS = YES;
				MTL_ENABLE_DEBUG_INFO = INCLUDE_SOURCE;
				MTL_FAST_MATH = YES;
				ONLY_ACTIVE_ARCH = YES;
				SDKROOT = iphoneos;
				SWIFT_ACTIVE_COMPILATION_CONDITIONS = "DEBUG $(inherited)";
				SWIFT_OPTIMIZATION_LEVEL = "-Onone";
			};
			name = Debug;
		};
		08B79E4D2B59938B0033D4D0 /* Release */ = {
			isa = XCBuildConfiguration;
			buildSettings = {
				ALWAYS_SEARCH_USER_PATHS = NO;
				ASSETCATALOG_COMPILER_GENERATE_SWIFT_ASSET_SYMBOL_EXTENSIONS = YES;
				CLANG_ANALYZER_NONNULL = YES;
				CLANG_ANALYZER_NUMBER_OBJECT_CONVERSION = YES_AGGRESSIVE;
				CLANG_CXX_LANGUAGE_STANDARD = "gnu++20";
				CLANG_ENABLE_MODULES = YES;
				CLANG_ENABLE_OBJC_ARC = YES;
				CLANG_ENABLE_OBJC_WEAK = YES;
				CLANG_WARN_BLOCK_CAPTURE_AUTORELEASING = YES;
				CLANG_WARN_BOOL_CONVERSION = YES;
				CLANG_WARN_COMMA = YES;
				CLANG_WARN_CONSTANT_CONVERSION = YES;
				CLANG_WARN_DEPRECATED_OBJC_IMPLEMENTATIONS = YES;
				CLANG_WARN_DIRECT_OBJC_ISA_USAGE = YES_ERROR;
				CLANG_WARN_DOCUMENTATION_COMMENTS = YES;
				CLANG_WARN_EMPTY_BODY = YES;
				CLANG_WARN_ENUM_CONVERSION = YES;
				CLANG_WARN_INFINITE_RECURSION = YES;
				CLANG_WARN_INT_CONVERSION = YES;
				CLANG_WARN_NON_LITERAL_NULL_CONVERSION = YES;
				CLANG_WARN_OBJC_IMPLICIT_RETAIN_SELF = YES;
				CLANG_WARN_OBJC_LITERAL_CONVERSION = YES;
				CLANG_WARN_OBJC_ROOT_CLASS = YES_ERROR;
				CLANG_WARN_QUOTED_INCLUDE_IN_FRAMEWORK_HEADER = YES;
				CLANG_WARN_RANGE_LOOP_ANALYSIS = YES;
				CLANG_WARN_STRICT_PROTOTYPES = YES;
				CLANG_WARN_SUSPICIOUS_MOVE = YES;
				CLANG_WARN_UNGUARDED_AVAILABILITY = YES_AGGRESSIVE;
				CLANG_WARN_UNREACHABLE_CODE = YES;
				CLANG_WARN__DUPLICATE_METHOD_MATCH = YES;
				COPY_PHASE_STRIP = NO;
				DEBUG_INFORMATION_FORMAT = "dwarf-with-dsym";
				ENABLE_NS_ASSERTIONS = NO;
				ENABLE_STRICT_OBJC_MSGSEND = YES;
				ENABLE_USER_SCRIPT_SANDBOXING = YES;
				GCC_C_LANGUAGE_STANDARD = gnu17;
				GCC_NO_COMMON_BLOCKS = YES;
				GCC_WARN_64_TO_32_BIT_CONVERSION = YES;
				GCC_WARN_ABOUT_RETURN_TYPE = YES_ERROR;
				GCC_WARN_UNDECLARED_SELECTOR = YES;
				GCC_WARN_UNINITIALIZED_AUTOS = YES_AGGRESSIVE;
				GCC_WARN_UNUSED_FUNCTION = YES;
				GCC_WARN_UNUSED_VARIABLE = YES;
				IPHONEOS_DEPLOYMENT_TARGET = 17.2;
				LOCALIZATION_PREFERS_STRING_CATALOGS = YES;
				MTL_ENABLE_DEBUG_INFO = NO;
				MTL_FAST_MATH = YES;
				SDKROOT = iphoneos;
				SWIFT_COMPILATION_MODE = wholemodule;
				VALIDATE_PRODUCT = YES;
			};
			name = Release;
		};
		08B79E4F2B59938B0033D4D0 /* Debug */ = {
			isa = XCBuildConfiguration;
			baseConfigurationReference = 1A577A209EB4DF7826842A38 /* Pods-BeRealCloneCoding.debug.xcconfig */;
			buildSettings = {
				ASSETCATALOG_COMPILER_APPICON_NAME = AppIcon;
				ASSETCATALOG_COMPILER_GLOBAL_ACCENT_COLOR_NAME = AccentColor;
				CODE_SIGN_STYLE = Automatic;
				CURRENT_PROJECT_VERSION = 1;
				GENERATE_INFOPLIST_FILE = YES;
				INFOPLIST_FILE = BeRealCloneCoding/Info.plist;
				INFOPLIST_KEY_UIApplicationSupportsIndirectInputEvents = YES;
				INFOPLIST_KEY_UILaunchStoryboardName = LaunchScreen;
				INFOPLIST_KEY_UIMainStoryboardFile = Main;
				INFOPLIST_KEY_UISupportedInterfaceOrientations_iPad = "UIInterfaceOrientationPortrait UIInterfaceOrientationPortraitUpsideDown UIInterfaceOrientationLandscapeLeft UIInterfaceOrientationLandscapeRight";
				INFOPLIST_KEY_UISupportedInterfaceOrientations_iPhone = "UIInterfaceOrientationPortrait UIInterfaceOrientationLandscapeLeft UIInterfaceOrientationLandscapeRight";
				LD_RUNPATH_SEARCH_PATHS = (
					"$(inherited)",
					"@executable_path/Frameworks",
				);
				MARKETING_VERSION = 1.0;
				PRODUCT_BUNDLE_IDENTIFIER = "iOS-study.BeRealCloneCoding";
				PRODUCT_NAME = "$(TARGET_NAME)";
				SWIFT_EMIT_LOC_STRINGS = YES;
				SWIFT_VERSION = 5.0;
				TARGETED_DEVICE_FAMILY = "1,2";
			};
			name = Debug;
		};
		08B79E502B59938B0033D4D0 /* Release */ = {
			isa = XCBuildConfiguration;
			baseConfigurationReference = B1C5DD8175FAC0F6D2B97F41 /* Pods-BeRealCloneCoding.release.xcconfig */;
			buildSettings = {
				ASSETCATALOG_COMPILER_APPICON_NAME = AppIcon;
				ASSETCATALOG_COMPILER_GLOBAL_ACCENT_COLOR_NAME = AccentColor;
				CODE_SIGN_STYLE = Automatic;
				CURRENT_PROJECT_VERSION = 1;
				GENERATE_INFOPLIST_FILE = YES;
				INFOPLIST_FILE = BeRealCloneCoding/Info.plist;
				INFOPLIST_KEY_UIApplicationSupportsIndirectInputEvents = YES;
				INFOPLIST_KEY_UILaunchStoryboardName = LaunchScreen;
				INFOPLIST_KEY_UIMainStoryboardFile = Main;
				INFOPLIST_KEY_UISupportedInterfaceOrientations_iPad = "UIInterfaceOrientationPortrait UIInterfaceOrientationPortraitUpsideDown UIInterfaceOrientationLandscapeLeft UIInterfaceOrientationLandscapeRight";
				INFOPLIST_KEY_UISupportedInterfaceOrientations_iPhone = "UIInterfaceOrientationPortrait UIInterfaceOrientationLandscapeLeft UIInterfaceOrientationLandscapeRight";
				LD_RUNPATH_SEARCH_PATHS = (
					"$(inherited)",
					"@executable_path/Frameworks",
				);
				MARKETING_VERSION = 1.0;
				PRODUCT_BUNDLE_IDENTIFIER = "iOS-study.BeRealCloneCoding";
				PRODUCT_NAME = "$(TARGET_NAME)";
				SWIFT_EMIT_LOC_STRINGS = YES;
				SWIFT_VERSION = 5.0;
				TARGETED_DEVICE_FAMILY = "1,2";
			};
			name = Release;
		};
		08B79E522B59938B0033D4D0 /* Debug */ = {
			isa = XCBuildConfiguration;
			baseConfigurationReference = 5850A8108E6E6FF48C538BE5 /* Pods-BeRealCloneCodingTests.debug.xcconfig */;
			buildSettings = {
				ALWAYS_EMBED_SWIFT_STANDARD_LIBRARIES = YES;
				BUNDLE_LOADER = "$(TEST_HOST)";
				CODE_SIGN_STYLE = Automatic;
				CURRENT_PROJECT_VERSION = 1;
				GENERATE_INFOPLIST_FILE = YES;
				IPHONEOS_DEPLOYMENT_TARGET = 17.2;
				MARKETING_VERSION = 1.0;
				PRODUCT_BUNDLE_IDENTIFIER = "iOS-study.BeRealCloneCodingTests";
				PRODUCT_NAME = "$(TARGET_NAME)";
				SWIFT_EMIT_LOC_STRINGS = NO;
				SWIFT_VERSION = 5.0;
				TARGETED_DEVICE_FAMILY = "1,2";
				TEST_HOST = "$(BUILT_PRODUCTS_DIR)/BeRealCloneCoding.app/$(BUNDLE_EXECUTABLE_FOLDER_PATH)/BeRealCloneCoding";
			};
			name = Debug;
		};
		08B79E532B59938B0033D4D0 /* Release */ = {
			isa = XCBuildConfiguration;
			baseConfigurationReference = A3891FE356B22DDDEF620BB1 /* Pods-BeRealCloneCodingTests.release.xcconfig */;
			buildSettings = {
				ALWAYS_EMBED_SWIFT_STANDARD_LIBRARIES = YES;
				BUNDLE_LOADER = "$(TEST_HOST)";
				CODE_SIGN_STYLE = Automatic;
				CURRENT_PROJECT_VERSION = 1;
				GENERATE_INFOPLIST_FILE = YES;
				IPHONEOS_DEPLOYMENT_TARGET = 17.2;
				MARKETING_VERSION = 1.0;
				PRODUCT_BUNDLE_IDENTIFIER = "iOS-study.BeRealCloneCodingTests";
				PRODUCT_NAME = "$(TARGET_NAME)";
				SWIFT_EMIT_LOC_STRINGS = NO;
				SWIFT_VERSION = 5.0;
				TARGETED_DEVICE_FAMILY = "1,2";
				TEST_HOST = "$(BUILT_PRODUCTS_DIR)/BeRealCloneCoding.app/$(BUNDLE_EXECUTABLE_FOLDER_PATH)/BeRealCloneCoding";
			};
			name = Release;
		};
		08B79E552B59938B0033D4D0 /* Debug */ = {
			isa = XCBuildConfiguration;
			baseConfigurationReference = EAF8115896BD3A105F3FD56A /* Pods-BeRealCloneCoding-BeRealCloneCodingUITests.debug.xcconfig */;
			buildSettings = {
				ALWAYS_EMBED_SWIFT_STANDARD_LIBRARIES = YES;
				CODE_SIGN_STYLE = Automatic;
				CURRENT_PROJECT_VERSION = 1;
				GENERATE_INFOPLIST_FILE = YES;
				MARKETING_VERSION = 1.0;
				PRODUCT_BUNDLE_IDENTIFIER = "iOS-study.BeRealCloneCodingUITests";
				PRODUCT_NAME = "$(TARGET_NAME)";
				SWIFT_EMIT_LOC_STRINGS = NO;
				SWIFT_VERSION = 5.0;
				TARGETED_DEVICE_FAMILY = "1,2";
				TEST_TARGET_NAME = BeRealCloneCoding;
			};
			name = Debug;
		};
		08B79E562B59938B0033D4D0 /* Release */ = {
			isa = XCBuildConfiguration;
			baseConfigurationReference = 269E655CE193DE9DDBDFEDC7 /* Pods-BeRealCloneCoding-BeRealCloneCodingUITests.release.xcconfig */;
			buildSettings = {
				ALWAYS_EMBED_SWIFT_STANDARD_LIBRARIES = YES;
				CODE_SIGN_STYLE = Automatic;
				CURRENT_PROJECT_VERSION = 1;
				GENERATE_INFOPLIST_FILE = YES;
				MARKETING_VERSION = 1.0;
				PRODUCT_BUNDLE_IDENTIFIER = "iOS-study.BeRealCloneCodingUITests";
				PRODUCT_NAME = "$(TARGET_NAME)";
				SWIFT_EMIT_LOC_STRINGS = NO;
				SWIFT_VERSION = 5.0;
				TARGETED_DEVICE_FAMILY = "1,2";
				TEST_TARGET_NAME = BeRealCloneCoding;
			};
			name = Release;
		};
/* End XCBuildConfiguration section */

/* Begin XCConfigurationList section */
		08B79E1F2B59938A0033D4D0 /* Build configuration list for PBXProject "BeRealCloneCoding" */ = {
			isa = XCConfigurationList;
			buildConfigurations = (
				08B79E4C2B59938B0033D4D0 /* Debug */,
				08B79E4D2B59938B0033D4D0 /* Release */,
			);
			defaultConfigurationIsVisible = 0;
			defaultConfigurationName = Release;
		};
		08B79E4E2B59938B0033D4D0 /* Build configuration list for PBXNativeTarget "BeRealCloneCoding" */ = {
			isa = XCConfigurationList;
			buildConfigurations = (
				08B79E4F2B59938B0033D4D0 /* Debug */,
				08B79E502B59938B0033D4D0 /* Release */,
			);
			defaultConfigurationIsVisible = 0;
			defaultConfigurationName = Release;
		};
		08B79E512B59938B0033D4D0 /* Build configuration list for PBXNativeTarget "BeRealCloneCodingTests" */ = {
			isa = XCConfigurationList;
			buildConfigurations = (
				08B79E522B59938B0033D4D0 /* Debug */,
				08B79E532B59938B0033D4D0 /* Release */,
			);
			defaultConfigurationIsVisible = 0;
			defaultConfigurationName = Release;
		};
		08B79E542B59938B0033D4D0 /* Build configuration list for PBXNativeTarget "BeRealCloneCodingUITests" */ = {
			isa = XCConfigurationList;
			buildConfigurations = (
				08B79E552B59938B0033D4D0 /* Debug */,
				08B79E562B59938B0033D4D0 /* Release */,
			);
			defaultConfigurationIsVisible = 0;
			defaultConfigurationName = Release;
		};
/* End XCConfigurationList section */
	};
	rootObject = 08B79E1C2B59938A0033D4D0 /* Project object */;
}
